# THIS IS AN AUTOGENERATED FILE. DO NOT EDIT THIS FILE DIRECTLY.
# yarn lockfile v1


"@sentry/browser@^5.6.3":
  version "5.6.3"
  resolved "https://registry.yarnpkg.com/@sentry/browser/-/browser-5.6.3.tgz#5cc37b0443eba55ad13c13d34d6b95ff30dfbfe3"
  integrity sha512-bP1LTbcKPOkkmfJOAM6c7WZ0Ov0ZEW6B9keVZ9wH9fw/lBPd9UyDMDCwJ+FAYKz9M9S5pxQeJ4Ebd7WUUrGVAQ==
  dependencies:
    "@sentry/core" "5.6.2"
    "@sentry/types" "5.6.1"
    "@sentry/utils" "5.6.1"
    tslib "^1.9.3"

"@sentry/core@5.6.2":
  version "5.6.2"
  resolved "https://registry.yarnpkg.com/@sentry/core/-/core-5.6.2.tgz#8c5477654a83ebe41a72e86a79215deb5025e418"
  integrity sha512-grbjvNmyxP5WSPR6UobN2q+Nss7Hvz+BClBT8QTr7VTEG5q89TwNddn6Ej3bGkaUVbct/GpVlI3XflWYDsnU6Q==
  dependencies:
    "@sentry/hub" "5.6.1"
    "@sentry/minimal" "5.6.1"
    "@sentry/types" "5.6.1"
    "@sentry/utils" "5.6.1"
    tslib "^1.9.3"

"@sentry/hub@5.6.1":
  version "5.6.1"
  resolved "https://registry.yarnpkg.com/@sentry/hub/-/hub-5.6.1.tgz#9f355c0abcc92327fbd10b9b939608aa4967bece"
  integrity sha512-m+OhkIV5yTAL3R1+XfCwzUQka0UF/xG4py8sEfPXyYIcoOJ2ZTX+1kQJLy8QQJ4RzOBwZA+DzRKP0cgzPJ3+oQ==
  dependencies:
    "@sentry/types" "5.6.1"
    "@sentry/utils" "5.6.1"
    tslib "^1.9.3"

"@sentry/minimal@5.6.1":
  version "5.6.1"
  resolved "https://registry.yarnpkg.com/@sentry/minimal/-/minimal-5.6.1.tgz#09d92b26de0b24555cd50c3c33ba4c3e566009a1"
  integrity sha512-ercCKuBWHog6aS6SsJRuKhJwNdJ2oRQVWT2UAx1zqvsbHT9mSa8ZRjdPHYOtqY3DoXKk/pLUFW/fkmAnpdMqRw==
  dependencies:
    "@sentry/hub" "5.6.1"
    "@sentry/types" "5.6.1"
    tslib "^1.9.3"

"@sentry/types@5.6.1":
  version "5.6.1"
  resolved "https://registry.yarnpkg.com/@sentry/types/-/types-5.6.1.tgz#5915e1ee4b7a678da3ac260c356b1cb91139a299"
  integrity sha512-Kub8TETefHpdhvtnDj3kKfhCj0u/xn3Zi2zIC7PB11NJHvvPXENx97tciz4roJGp7cLRCJsFqCg4tHXniqDSnQ==

"@sentry/utils@5.6.1":
  version "5.6.1"
  resolved "https://registry.yarnpkg.com/@sentry/utils/-/utils-5.6.1.tgz#69d9e151e50415bc91f2428e3bcca8beb9bc2815"
  integrity sha512-rfgha+UsHW816GqlSRPlniKqAZylOmQWML2JsujoUP03nPu80zdN43DK9Poy/d9OxBxv0gd5K2n+bFdM2kqLQQ==
  dependencies:
    "@sentry/types" "5.6.1"
    tslib "^1.9.3"

"@wry/equality@^0.1.2":
  version "0.1.9"
  resolved "https://registry.yarnpkg.com/@wry/equality/-/equality-0.1.9.tgz#b13e18b7a8053c6858aa6c85b54911fb31e3a909"
  integrity sha512-mB6ceGjpMGz1ZTza8HYnrPGos2mC6So4NhS1PtZ8s4Qt0K7fBiIGhpSxUbQmhwcSWE3no+bYxmI2OL6KuXYmoQ==
  dependencies:
    tslib "^1.9.3"

apollo-link@^1.2.13:
  version "1.2.13"
  resolved "https://registry.yarnpkg.com/apollo-link/-/apollo-link-1.2.13.tgz#dff00fbf19dfcd90fddbc14b6a3f9a771acac6c4"
  integrity sha512-+iBMcYeevMm1JpYgwDEIDt/y0BB7VWyvlm/7x+TIPNLHCTCMgcEgDuW5kH86iQZWo0I7mNwQiTOz+/3ShPFmBw==
  dependencies:
    apollo-utilities "^1.3.0"
    ts-invariant "^0.4.0"
    tslib "^1.9.3"
    zen-observable-ts "^0.8.20"

apollo-utilities@^1.3.0:
  version "1.3.2"
  resolved "https://registry.yarnpkg.com/apollo-utilities/-/apollo-utilities-1.3.2.tgz#8cbdcf8b012f664cd6cb5767f6130f5aed9115c9"
  integrity sha512-JWNHj8XChz7S4OZghV6yc9FNnzEXj285QYp/nLNh943iObycI5GTDO3NGR9Dth12LRrSFMeDOConPfPln+WGfg==
  dependencies:
    "@wry/equality" "^0.1.2"
    fast-json-stable-stringify "^2.0.0"
    ts-invariant "^0.4.0"
    tslib "^1.9.3"

fast-json-stable-stringify@^2.0.0:
  version "2.0.0"
  resolved "https://registry.yarnpkg.com/fast-json-stable-stringify/-/fast-json-stable-stringify-2.0.0.tgz#d5142c0caee6b1189f87d3a76111064f86c8bbf2"
  integrity sha1-1RQsDK7msRifh9OnYREGT4bIu/I=

ts-invariant@^0.4.0:
  version "0.4.4"
  resolved "https://registry.yarnpkg.com/ts-invariant/-/ts-invariant-0.4.4.tgz#97a523518688f93aafad01b0e80eb803eb2abd86"
  integrity sha512-uEtWkFM/sdZvRNNDL3Ehu4WVpwaulhwQszV8mrtcdeE8nN00BV9mAmQ88RkrBhFgl9gMgvjJLAQcZbnPXI9mlA==
  dependencies:
    tslib "^1.9.3"

tslib@^1.9.3:
  version "1.10.0"
  resolved "https://registry.yarnpkg.com/tslib/-/tslib-1.10.0.tgz#c3c19f95973fb0a62973fb09d90d961ee43e5c8a"
  integrity sha512-qOebF53frne81cf0S9B41ByenJ3/IuH8yJKngAX35CmiZySA0khhkovshKK+jGCaMnVomla7gVlIcc3EvKPbTQ==

zen-observable-ts@^0.8.20:
  version "0.8.20"
  resolved "https://registry.yarnpkg.com/zen-observable-ts/-/zen-observable-ts-0.8.20.tgz#44091e335d3fcbc97f6497e63e7f57d5b516b163"
  integrity sha512-2rkjiPALhOtRaDX6pWyNqK1fnP5KkJJybYebopNSn6wDG1lxBoFs2+nwwXKoA6glHIrtwrfBBy6da0stkKtTAA==
  dependencies:
    tslib "^1.9.3"
    zen-observable "^0.8.0"

zen-observable@^0.8.0:
  version "0.8.14"
  resolved "https://registry.yarnpkg.com/zen-observable/-/zen-observable-0.8.14.tgz#d33058359d335bc0db1f0af66158b32872af3bf7"
  integrity sha512-kQz39uonEjEESwh+qCi83kcC3rZJGh4mrZW7xjkSQYXkq//JZHTtKo+6yuVloTgMtzsIWOJrjIrKvk/dqm0L5g==
